
Microsoft Visual Studio Solution File, Format Version 12.00
# Visual Studio Version 17
VisualStudioVersion = 17.9.34728.123
MinimumVisualStudioVersion = 10.0.40219.1
Project("{FAE04EC0-301F-11D3-BF4B-00C04F79EFBC}") = "Gestion _etudetion", "Gestion _etudetion\Gestion _etudetion.csproj", "{8C1A0667-1C0E-46E1-90A4-C2EA93020422}"
EndProject
Global
	GlobalSection(SolutionConfigurationPlatforms) = preSolution
		Debug|Any CPU = Debug|Any CPU
		Release|Any CPU = Release|Any CPU
	EndGlobalSection
	GlobalSection(ProjectConfigurationPlatforms) = postSolution
		{8C1A0667-1C0E-46E1-90A4-C2EA93020422}.Debug|Any CPU.ActiveCfg = Debug|Any CPU
		{8C1A0667-1C0E-46E1-90A4-C2EA93020422}.Debug|Any CPU.Build.0 = Debug|Any CPU
		{8C1A0667-1C0E-46E1-90A4-C2EA93020422}.Release|Any CPU.ActiveCfg = Release|Any CPU
		{8C1A0667-1C0E-46E1-90A4-C2EA93020422}.Release|Any CPU.Build.0 = Release|Any CPU
	EndGlobalSection
	GlobalSection(SolutionProperties) = preSolution
		HideSolutionNode = FALSE
	EndGlobalSection
	GlobalSection(ExtensibilityGlobals) = postSolution
		SolutionGuid = {2A9FF194-41C9-4CE0-A69D-B1AE4B03AE29}
	EndGlobalSection
EndGlobal
